
Microsoft Visual Studio Solution File, Format Version 12.00
# Visual Studio Version 16
VisualStudioVersion = 16.0.31205.134
MinimumVisualStudioVersion = 10.0.40219.1
Project("{FAE04EC0-301F-11D3-BF4B-00C04F79EFBC}") = "LockStep.Web", "LockStep\LockStep.Web.csproj", "{344488B1-4B24-4B42-B7C2-EEE74F52556E}"
EndProject
Project("{FAE04EC0-301F-11D3-BF4B-00C04F79EFBC}") = "LockStep.Library.Domain", "LockStep.Library.Domain\LockStep.Library.Domain.csproj", "{A91A22C7-9E0C-48B7-979D-6D59505978CD}"
EndProject
Project("{FAE04EC0-301F-11D3-BF4B-00C04F79EFBC}") = "LockStep.Library.Persistence", "LockStep.Library.Persistence\LockStep.Library.Persistence.csproj", "{B73FD1D0-BF1F-4928-8DB7-9FF52FDEF7FF}"
EndProject
Global
	GlobalSection(SolutionConfigurationPlatforms) = preSolution
		Debug|Any CPU = Debug|Any CPU
		Release|Any CPU = Release|Any CPU
	EndGlobalSection
	GlobalSection(ProjectConfigurationPlatforms) = postSolution
		{344488B1-4B24-4B42-B7C2-EEE74F52556E}.Debug|Any CPU.ActiveCfg = Debug|Any CPU
		{344488B1-4B24-4B42-B7C2-EEE74F52556E}.Debug|Any CPU.Build.0 = Debug|Any CPU
		{344488B1-4B24-4B42-B7C2-EEE74F52556E}.Release|Any CPU.ActiveCfg = Release|Any CPU
		{344488B1-4B24-4B42-B7C2-EEE74F52556E}.Release|Any CPU.Build.0 = Release|Any CPU
		{A91A22C7-9E0C-48B7-979D-6D59505978CD}.Debug|Any CPU.ActiveCfg = Debug|Any CPU
		{A91A22C7-9E0C-48B7-979D-6D59505978CD}.Debug|Any CPU.Build.0 = Debug|Any CPU
		{A91A22C7-9E0C-48B7-979D-6D59505978CD}.Release|Any CPU.ActiveCfg = Release|Any CPU
		{A91A22C7-9E0C-48B7-979D-6D59505978CD}.Release|Any CPU.Build.0 = Release|Any CPU
		{B73FD1D0-BF1F-4928-8DB7-9FF52FDEF7FF}.Debug|Any CPU.ActiveCfg = Debug|Any CPU
		{B73FD1D0-BF1F-4928-8DB7-9FF52FDEF7FF}.Debug|Any CPU.Build.0 = Debug|Any CPU
		{B73FD1D0-BF1F-4928-8DB7-9FF52FDEF7FF}.Release|Any CPU.ActiveCfg = Release|Any CPU
		{B73FD1D0-BF1F-4928-8DB7-9FF52FDEF7FF}.Release|Any CPU.Build.0 = Release|Any CPU
	EndGlobalSection
	GlobalSection(SolutionProperties) = preSolution
		HideSolutionNode = FALSE
	EndGlobalSection
	GlobalSection(ExtensibilityGlobals) = postSolution
		SolutionGuid = {A54E3CB9-5230-441A-B8F8-0BD2D1E1F4F1}
	EndGlobalSection
EndGlobal
